speakeasyVersion: 1.486.0
sources:
    Inkeep Analytics API:
        sourceNamespace: inkeep-analytics-api
        sourceRevisionDigest: sha256:0372169c5f483df3494595af785d651a06c6ea8b36ec8a4be898fe7a5dfd5a0a
        sourceBlobDigest: sha256:e30192fadddef0b09005a86f0089c58048523eef0dcb3116b47a286dc889b79d
        tags:
            - latest
            - 0.1.1
targets:
    inkeep-analytics:
        source: Inkeep Analytics API
        sourceNamespace: inkeep-analytics-api
        sourceRevisionDigest: sha256:0372169c5f483df3494595af785d651a06c6ea8b36ec8a4be898fe7a5dfd5a0a
        sourceBlobDigest: sha256:e30192fadddef0b09005a86f0089c58048523eef0dcb3116b47a286dc889b79d
        codeSamplesNamespace: inkeep-analytics-api-typescript-code-samples
        codeSamplesRevisionDigest: sha256:878ebaec1c27476f03662fbf94bacc1e2298ca68ced4c9702ea9954f8205df8a
workflow:
    workflowVersion: 1.0.0
    speakeasyVersion: latest
    sources:
        Inkeep Analytics API:
            inputs:
                - location: https://api.analytics.inkeep.com/openapi.json
            overlays:
                - location: .speakeasy/speakeasy-modifications-overlay.yaml
            registry:
                location: registry.speakeasyapi.dev/inkeep/inkeep/inkeep-analytics-api
    targets:
        inkeep-analytics:
            target: typescript
            source: Inkeep Analytics API
            publish:
                npm:
                    token: $npm_token
            codeSamples:
                registry:
                    location: registry.speakeasyapi.dev/inkeep/inkeep/inkeep-analytics-api-typescript-code-samples
                labelOverride:
                    fixedValue: Typescript (SDK)
                blocking: false
