speakeasyVersion: 1.521.0
sources:
    Inkeep Analytics API:
        sourceNamespace: inkeep-analytics-api
        sourceRevisionDigest: sha256:7bb7c621774f421a5beee45550c4a5df1f54e57c9276dc4ced0ccda75bcbdae3
        sourceBlobDigest: sha256:27572c5894328ea2bf8b96a2259e050380fc172ee60e540061ba20fd15d7946d
        tags:
            - latest
            - speakeasy-sdk-regen-1742463405
            - 0.1.1
targets:
    inkeep-analytics:
        source: Inkeep Analytics API
        sourceNamespace: inkeep-analytics-api
        sourceRevisionDigest: sha256:7bb7c621774f421a5beee45550c4a5df1f54e57c9276dc4ced0ccda75bcbdae3
        sourceBlobDigest: sha256:27572c5894328ea2bf8b96a2259e050380fc172ee60e540061ba20fd15d7946d
        codeSamplesNamespace: inkeep-analytics-api-typescript-code-samples
        codeSamplesRevisionDigest: sha256:51ecfefdc6d028cf5342eb135507e7008b0b291fe3daab489c70194830030217
workflow:
    workflowVersion: 1.0.0
    speakeasyVersion: latest
    sources:
        Inkeep Analytics API:
            inputs:
                - location: https://api.analytics.inkeep.com/openapi.json
            overlays:
                - location: .speakeasy/speakeasy-modifications-overlay.yaml
            registry:
                location: registry.speakeasyapi.dev/inkeep/inkeep/inkeep-analytics-api
    targets:
        inkeep-analytics:
            target: typescript
            source: Inkeep Analytics API
            publish:
                npm:
                    token: $npm_token
            codeSamples:
                registry:
                    location: registry.speakeasyapi.dev/inkeep/inkeep/inkeep-analytics-api-typescript-code-samples
                labelOverride:
                    fixedValue: Typescript (SDK)
                blocking: false
