speakeasyVersion: 1.492.0
sources:
    Inkeep Analytics API:
        sourceNamespace: inkeep-analytics-api
        sourceRevisionDigest: sha256:ad3bc55615a7fb4f5c1c7b5053cd413d3244afed98513d1166bd6081a83ace37
        sourceBlobDigest: sha256:5dd1e2966613e427c9563daf48025bd84fdee11f6c91868e6ca757954c08368d
        tags:
            - latest
            - speakeasy-sdk-regen-1738889465
            - 0.1.1
targets:
    inkeep-analytics:
        source: Inkeep Analytics API
        sourceNamespace: inkeep-analytics-api
        sourceRevisionDigest: sha256:ad3bc55615a7fb4f5c1c7b5053cd413d3244afed98513d1166bd6081a83ace37
        sourceBlobDigest: sha256:5dd1e2966613e427c9563daf48025bd84fdee11f6c91868e6ca757954c08368d
        codeSamplesNamespace: inkeep-analytics-api-typescript-code-samples
        codeSamplesRevisionDigest: sha256:3c54df43a7988ed29bd3da3dadcec659b1a7ac479e7fcad6d19382058e48276b
workflow:
    workflowVersion: 1.0.0
    speakeasyVersion: latest
    sources:
        Inkeep Analytics API:
            inputs:
                - location: https://api.analytics.inkeep.com/openapi.json
            overlays:
                - location: .speakeasy/speakeasy-modifications-overlay.yaml
            registry:
                location: registry.speakeasyapi.dev/inkeep/inkeep/inkeep-analytics-api
    targets:
        inkeep-analytics:
            target: typescript
            source: Inkeep Analytics API
            publish:
                npm:
                    token: $npm_token
            codeSamples:
                registry:
                    location: registry.speakeasyapi.dev/inkeep/inkeep/inkeep-analytics-api-typescript-code-samples
                labelOverride:
                    fixedValue: Typescript (SDK)
                blocking: false
